
Microsoft Visual Studio Solution File, Format Version 12.00
# Visual Studio 14
VisualStudioVersion = 14.0.25420.1
MinimumVisualStudioVersion = 10.0.40219.1
Project("{2150E333-8FDC-42A3-9474-1A3956D46DE8}") = "Core", "Core", "{3D230F4A-58A5-483E-9DF7-FF921E075F81}"
EndProject
Project("{2150E333-8FDC-42A3-9474-1A3956D46DE8}") = "Web", "Web", "{CFDBFA3D-B1D4-402A-A997-2FA2D65B378E}"
EndProject
Project("{2150E333-8FDC-42A3-9474-1A3956D46DE8}") = "Tests", "Tests", "{610517D9-D500-4FB9-9960-8CCFC5551263}"
EndProject
Project("{FAE04EC0-301F-11D3-BF4B-00C04F79EFBC}") = "Corp.FARBE.Tasks.Website", "Web\Corp.FARBE.Tasks.Website\Corp.FARBE.Tasks.Website.csproj", "{808737BF-AE02-4F64-BAAE-76E1EB8E68B5}"
EndProject
Project("{FAE04EC0-301F-11D3-BF4B-00C04F79EFBC}") = "Corp.FARBE.Tasks.Data", "Core\Corp.FARBE.Tasks.Data\Corp.FARBE.Tasks.Data.csproj", "{6D0D9DAA-4AC7-460F-8A38-20F91602452E}"
EndProject
Project("{FAE04EC0-301F-11D3-BF4B-00C04F79EFBC}") = "Corp.FARBE.Tasks.Domain", "Core\Corp.FARBE.Tasks.Domain\Corp.FARBE.Tasks.Domain.csproj", "{20FEF19E-1326-4A4D-B543-BFAE8D05AA8D}"
EndProject
Project("{FAE04EC0-301F-11D3-BF4B-00C04F79EFBC}") = "Corp.FARBE.Tasks.Queries", "Core\Corp.FARBE.Tasks.Queries\Corp.FARBE.Tasks.Queries.csproj", "{10182B8A-7B01-44DC-BA39-0C6CC604D3A6}"
	ProjectSection(ProjectDependencies) = postProject
		{20FEF19E-1326-4A4D-B543-BFAE8D05AA8D} = {20FEF19E-1326-4A4D-B543-BFAE8D05AA8D}
		{6D0D9DAA-4AC7-460F-8A38-20F91602452E} = {6D0D9DAA-4AC7-460F-8A38-20F91602452E}
	EndProjectSection
EndProject
Project("{FAE04EC0-301F-11D3-BF4B-00C04F79EFBC}") = "Corp.FARBE.Tasks.Data.Test", "Tests\Corp.FARBE.Tasks.Data.Test\Corp.FARBE.Tasks.Data.Test.csproj", "{9D2A33F9-1B7D-4C08-8D7A-1A28E1CA11BB}"
	ProjectSection(ProjectDependencies) = postProject
		{20FEF19E-1326-4A4D-B543-BFAE8D05AA8D} = {20FEF19E-1326-4A4D-B543-BFAE8D05AA8D}
		{6D0D9DAA-4AC7-460F-8A38-20F91602452E} = {6D0D9DAA-4AC7-460F-8A38-20F91602452E}
		{CDA8D9E8-4310-419E-8841-5686D1540D68} = {CDA8D9E8-4310-419E-8841-5686D1540D68}
	EndProjectSection
EndProject
Project("{FAE04EC0-301F-11D3-BF4B-00C04F79EFBC}") = "Corp.FARBE.Tasks.Domain.Test", "Tests\Corp.FARBE.Tasks.Domain.Test\Corp.FARBE.Tasks.Domain.Test.csproj", "{EA9FF8F8-ED5A-4F0C-8C51-DA1A25ADC42C}"
	ProjectSection(ProjectDependencies) = postProject
		{20FEF19E-1326-4A4D-B543-BFAE8D05AA8D} = {20FEF19E-1326-4A4D-B543-BFAE8D05AA8D}
		{6D0D9DAA-4AC7-460F-8A38-20F91602452E} = {6D0D9DAA-4AC7-460F-8A38-20F91602452E}
		{CDA8D9E8-4310-419E-8841-5686D1540D68} = {CDA8D9E8-4310-419E-8841-5686D1540D68}
	EndProjectSection
EndProject
Project("{FAE04EC0-301F-11D3-BF4B-00C04F79EFBC}") = "Corp.FARBE.Tasks.Queries.Test", "Tests\Corp.FARBE.Tasks.Queries.Test\Corp.FARBE.Tasks.Queries.Test.csproj", "{3F6119AB-B634-44D6-A6FA-C3E610406B89}"
	ProjectSection(ProjectDependencies) = postProject
		{20FEF19E-1326-4A4D-B543-BFAE8D05AA8D} = {20FEF19E-1326-4A4D-B543-BFAE8D05AA8D}
		{6D0D9DAA-4AC7-460F-8A38-20F91602452E} = {6D0D9DAA-4AC7-460F-8A38-20F91602452E}
		{CDA8D9E8-4310-419E-8841-5686D1540D68} = {CDA8D9E8-4310-419E-8841-5686D1540D68}
	EndProjectSection
EndProject
Project("{FAE04EC0-301F-11D3-BF4B-00C04F79EFBC}") = "Corp.FARBE.Tasks.Mocks", "Tests\Corp.FARBE.Tasks.Mocks\Corp.FARBE.Tasks.Mocks.csproj", "{CDA8D9E8-4310-419E-8841-5686D1540D68}"
	ProjectSection(ProjectDependencies) = postProject
		{20FEF19E-1326-4A4D-B543-BFAE8D05AA8D} = {20FEF19E-1326-4A4D-B543-BFAE8D05AA8D}
		{6D0D9DAA-4AC7-460F-8A38-20F91602452E} = {6D0D9DAA-4AC7-460F-8A38-20F91602452E}
	EndProjectSection
EndProject
Project("{FAE04EC0-301F-11D3-BF4B-00C04F79EFBC}") = "Corp.FARBE.Tasks.Api", "Web\Corp.FARBE.Tasks.Api\Corp.FARBE.Tasks.Api.csproj", "{63427303-F724-41B8-9115-1389139332C9}"
	ProjectSection(ProjectDependencies) = postProject
		{10182B8A-7B01-44DC-BA39-0C6CC604D3A6} = {10182B8A-7B01-44DC-BA39-0C6CC604D3A6}
		{20FEF19E-1326-4A4D-B543-BFAE8D05AA8D} = {20FEF19E-1326-4A4D-B543-BFAE8D05AA8D}
		{6D0D9DAA-4AC7-460F-8A38-20F91602452E} = {6D0D9DAA-4AC7-460F-8A38-20F91602452E}
	EndProjectSection
EndProject
Global
	GlobalSection(SolutionConfigurationPlatforms) = preSolution
		Debug|Any CPU = Debug|Any CPU
		Release|Any CPU = Release|Any CPU
	EndGlobalSection
	GlobalSection(ProjectConfigurationPlatforms) = postSolution
		{808737BF-AE02-4F64-BAAE-76E1EB8E68B5}.Debug|Any CPU.ActiveCfg = Debug|Any CPU
		{808737BF-AE02-4F64-BAAE-76E1EB8E68B5}.Debug|Any CPU.Build.0 = Debug|Any CPU
		{808737BF-AE02-4F64-BAAE-76E1EB8E68B5}.Release|Any CPU.ActiveCfg = Release|Any CPU
		{808737BF-AE02-4F64-BAAE-76E1EB8E68B5}.Release|Any CPU.Build.0 = Release|Any CPU
		{6D0D9DAA-4AC7-460F-8A38-20F91602452E}.Debug|Any CPU.ActiveCfg = Debug|Any CPU
		{6D0D9DAA-4AC7-460F-8A38-20F91602452E}.Debug|Any CPU.Build.0 = Debug|Any CPU
		{6D0D9DAA-4AC7-460F-8A38-20F91602452E}.Release|Any CPU.ActiveCfg = Release|Any CPU
		{6D0D9DAA-4AC7-460F-8A38-20F91602452E}.Release|Any CPU.Build.0 = Release|Any CPU
		{20FEF19E-1326-4A4D-B543-BFAE8D05AA8D}.Debug|Any CPU.ActiveCfg = Debug|Any CPU
		{20FEF19E-1326-4A4D-B543-BFAE8D05AA8D}.Debug|Any CPU.Build.0 = Debug|Any CPU
		{20FEF19E-1326-4A4D-B543-BFAE8D05AA8D}.Release|Any CPU.ActiveCfg = Release|Any CPU
		{20FEF19E-1326-4A4D-B543-BFAE8D05AA8D}.Release|Any CPU.Build.0 = Release|Any CPU
		{10182B8A-7B01-44DC-BA39-0C6CC604D3A6}.Debug|Any CPU.ActiveCfg = Debug|Any CPU
		{10182B8A-7B01-44DC-BA39-0C6CC604D3A6}.Debug|Any CPU.Build.0 = Debug|Any CPU
		{10182B8A-7B01-44DC-BA39-0C6CC604D3A6}.Release|Any CPU.ActiveCfg = Release|Any CPU
		{10182B8A-7B01-44DC-BA39-0C6CC604D3A6}.Release|Any CPU.Build.0 = Release|Any CPU
		{9D2A33F9-1B7D-4C08-8D7A-1A28E1CA11BB}.Debug|Any CPU.ActiveCfg = Debug|Any CPU
		{9D2A33F9-1B7D-4C08-8D7A-1A28E1CA11BB}.Debug|Any CPU.Build.0 = Debug|Any CPU
		{9D2A33F9-1B7D-4C08-8D7A-1A28E1CA11BB}.Release|Any CPU.ActiveCfg = Release|Any CPU
		{9D2A33F9-1B7D-4C08-8D7A-1A28E1CA11BB}.Release|Any CPU.Build.0 = Release|Any CPU
		{EA9FF8F8-ED5A-4F0C-8C51-DA1A25ADC42C}.Debug|Any CPU.ActiveCfg = Debug|Any CPU
		{EA9FF8F8-ED5A-4F0C-8C51-DA1A25ADC42C}.Debug|Any CPU.Build.0 = Debug|Any CPU
		{EA9FF8F8-ED5A-4F0C-8C51-DA1A25ADC42C}.Release|Any CPU.ActiveCfg = Release|Any CPU
		{EA9FF8F8-ED5A-4F0C-8C51-DA1A25ADC42C}.Release|Any CPU.Build.0 = Release|Any CPU
		{3F6119AB-B634-44D6-A6FA-C3E610406B89}.Debug|Any CPU.ActiveCfg = Debug|Any CPU
		{3F6119AB-B634-44D6-A6FA-C3E610406B89}.Debug|Any CPU.Build.0 = Debug|Any CPU
		{3F6119AB-B634-44D6-A6FA-C3E610406B89}.Release|Any CPU.ActiveCfg = Release|Any CPU
		{3F6119AB-B634-44D6-A6FA-C3E610406B89}.Release|Any CPU.Build.0 = Release|Any CPU
		{CDA8D9E8-4310-419E-8841-5686D1540D68}.Debug|Any CPU.ActiveCfg = Debug|Any CPU
		{CDA8D9E8-4310-419E-8841-5686D1540D68}.Debug|Any CPU.Build.0 = Debug|Any CPU
		{CDA8D9E8-4310-419E-8841-5686D1540D68}.Release|Any CPU.ActiveCfg = Release|Any CPU
		{CDA8D9E8-4310-419E-8841-5686D1540D68}.Release|Any CPU.Build.0 = Release|Any CPU
		{63427303-F724-41B8-9115-1389139332C9}.Debug|Any CPU.ActiveCfg = Debug|Any CPU
		{63427303-F724-41B8-9115-1389139332C9}.Debug|Any CPU.Build.0 = Debug|Any CPU
		{63427303-F724-41B8-9115-1389139332C9}.Release|Any CPU.ActiveCfg = Release|Any CPU
		{63427303-F724-41B8-9115-1389139332C9}.Release|Any CPU.Build.0 = Release|Any CPU
	EndGlobalSection
	GlobalSection(SolutionProperties) = preSolution
		HideSolutionNode = FALSE
	EndGlobalSection
	GlobalSection(NestedProjects) = preSolution
		{808737BF-AE02-4F64-BAAE-76E1EB8E68B5} = {CFDBFA3D-B1D4-402A-A997-2FA2D65B378E}
		{6D0D9DAA-4AC7-460F-8A38-20F91602452E} = {3D230F4A-58A5-483E-9DF7-FF921E075F81}
		{20FEF19E-1326-4A4D-B543-BFAE8D05AA8D} = {3D230F4A-58A5-483E-9DF7-FF921E075F81}
		{10182B8A-7B01-44DC-BA39-0C6CC604D3A6} = {3D230F4A-58A5-483E-9DF7-FF921E075F81}
		{9D2A33F9-1B7D-4C08-8D7A-1A28E1CA11BB} = {610517D9-D500-4FB9-9960-8CCFC5551263}
		{EA9FF8F8-ED5A-4F0C-8C51-DA1A25ADC42C} = {610517D9-D500-4FB9-9960-8CCFC5551263}
		{3F6119AB-B634-44D6-A6FA-C3E610406B89} = {610517D9-D500-4FB9-9960-8CCFC5551263}
		{CDA8D9E8-4310-419E-8841-5686D1540D68} = {610517D9-D500-4FB9-9960-8CCFC5551263}
		{63427303-F724-41B8-9115-1389139332C9} = {CFDBFA3D-B1D4-402A-A997-2FA2D65B378E}
	EndGlobalSection
EndGlobal
